{
  "name": "OdeToCode",
  "version": "1.0.0",
  "lockfileVersion": 1,
  "requires": true,
  "dependencies": {
    "datatables.net": {
      "version": "1.10.23",
      "resolved": "https://registry.npmjs.org/datatables.net/-/datatables.net-1.10.23.tgz",
      "integrity": "sha512-we3tlNkzpxvgkKKlTxTMXPCt35untVXNg8zUYWpQyC1U5vJc+lT0+Zdc1ztK8d3lh5CfdnuFde2p8n3XwaGl3Q==",
      "requires": {
        "jquery": ">=1.7"
      }
    },
    "datatables.net-dt": {
      "version": "1.10.23",
      "resolved": "https://registry.npmjs.org/datatables.net-dt/-/datatables.net-dt-1.10.23.tgz",
      "integrity": "sha512-Iky6RAKXKv/cZ4mfQRyHHGOdD1GyV9YuvGQrPCl5qqh+ENqaWphOiWVW/vqDsgDaVjvLwLfeRNMbmnf3w9sRRg==",
      "requires": {
        "datatables.net": "1.10.23",
        "jquery": ">=1.7"
      }
    },
    "jquery": {
      "version": "3.6.0",
      "resolved": "https://registry.npmjs.org/jquery/-/jquery-3.6.0.tgz",
      "integrity": "sha512-JVzAR/AjBvVt2BmYhxRCSYysDsPcssdmTFnzyLEts9qNwmjmu4JTAMYubEfwVOSwpQ1I1sKKFcxhZCI2buerfw=="
    }
  }
}
