
Microsoft Visual Studio Solution File, Format Version 12.00
# Visual Studio Version 16
VisualStudioVersion = 16.0.31005.135
MinimumVisualStudioVersion = 10.0.40219.1
Project("{9A19103F-16F7-4668-BE54-9A1E7A4F7556}") = "OdeToFood", "OdeToCode\OdeToFood.csproj", "{7C5F5649-E81A-45C0-8767-6F2FE366E1FE}"
EndProject
Project("{9A19103F-16F7-4668-BE54-9A1E7A4F7556}") = "OdeToFood.Core", "OdeToFood.Core\OdeToFood.Core.csproj", "{F17ACEBB-EBD6-41D9-9D49-096A03712CCE}"
EndProject
Project("{9A19103F-16F7-4668-BE54-9A1E7A4F7556}") = "OdeToFood.Data", "OdeToFood.Data\OdeToFood.Data.csproj", "{88F7F4C9-5AD7-4776-8344-6FADB907A3A0}"
EndProject
Global
	GlobalSection(SolutionConfigurationPlatforms) = preSolution
		Debug|Any CPU = Debug|Any CPU
		Release|Any CPU = Release|Any CPU
	EndGlobalSection
	GlobalSection(ProjectConfigurationPlatforms) = postSolution
		{7C5F5649-E81A-45C0-8767-6F2FE366E1FE}.Debug|Any CPU.ActiveCfg = Debug|Any CPU
		{7C5F5649-E81A-45C0-8767-6F2FE366E1FE}.Debug|Any CPU.Build.0 = Debug|Any CPU
		{7C5F5649-E81A-45C0-8767-6F2FE366E1FE}.Release|Any CPU.ActiveCfg = Release|Any CPU
		{7C5F5649-E81A-45C0-8767-6F2FE366E1FE}.Release|Any CPU.Build.0 = Release|Any CPU
		{F17ACEBB-EBD6-41D9-9D49-096A03712CCE}.Debug|Any CPU.ActiveCfg = Debug|Any CPU
		{F17ACEBB-EBD6-41D9-9D49-096A03712CCE}.Debug|Any CPU.Build.0 = Debug|Any CPU
		{F17ACEBB-EBD6-41D9-9D49-096A03712CCE}.Release|Any CPU.ActiveCfg = Release|Any CPU
		{F17ACEBB-EBD6-41D9-9D49-096A03712CCE}.Release|Any CPU.Build.0 = Release|Any CPU
		{88F7F4C9-5AD7-4776-8344-6FADB907A3A0}.Debug|Any CPU.ActiveCfg = Debug|Any CPU
		{88F7F4C9-5AD7-4776-8344-6FADB907A3A0}.Debug|Any CPU.Build.0 = Debug|Any CPU
		{88F7F4C9-5AD7-4776-8344-6FADB907A3A0}.Release|Any CPU.ActiveCfg = Release|Any CPU
		{88F7F4C9-5AD7-4776-8344-6FADB907A3A0}.Release|Any CPU.Build.0 = Release|Any CPU
	EndGlobalSection
	GlobalSection(SolutionProperties) = preSolution
		HideSolutionNode = FALSE
	EndGlobalSection
	GlobalSection(ExtensibilityGlobals) = postSolution
		SolutionGuid = {057A628C-3D4C-4B0B-8466-45CBF98E3834}
	EndGlobalSection
EndGlobal
